
Microsoft Visual Studio Solution File, Format Version 12.00
# Visual Studio Version 16
VisualStudioVersion = 16.0.31424.327
MinimumVisualStudioVersion = 10.0.40219.1
Project("{9A19103F-16F7-4668-BE54-9A1E7A4F7556}") = "StackOverflow", "StackOverflow\StackOverflow.csproj", "{0C7819B0-20C7-4228-A782-0C20E6D5B62E}"
EndProject
Project("{FAE04EC0-301F-11D3-BF4B-00C04F79EFBC}") = "DepInjDemo", "DepInjDemo\DepInjDemo.csproj", "{57680BBE-E0CB-41BE-BF97-31D2E51BDEE0}"
EndProject
Global
	GlobalSection(SolutionConfigurationPlatforms) = preSolution
		Debug|Any CPU = Debug|Any CPU
		Release|Any CPU = Release|Any CPU
	EndGlobalSection
	GlobalSection(ProjectConfigurationPlatforms) = postSolution
		{0C7819B0-20C7-4228-A782-0C20E6D5B62E}.Debug|Any CPU.ActiveCfg = Debug|Any CPU
		{0C7819B0-20C7-4228-A782-0C20E6D5B62E}.Debug|Any CPU.Build.0 = Debug|Any CPU
		{0C7819B0-20C7-4228-A782-0C20E6D5B62E}.Release|Any CPU.ActiveCfg = Release|Any CPU
		{0C7819B0-20C7-4228-A782-0C20E6D5B62E}.Release|Any CPU.Build.0 = Release|Any CPU
		{57680BBE-E0CB-41BE-BF97-31D2E51BDEE0}.Debug|Any CPU.ActiveCfg = Debug|Any CPU
		{57680BBE-E0CB-41BE-BF97-31D2E51BDEE0}.Debug|Any CPU.Build.0 = Debug|Any CPU
		{57680BBE-E0CB-41BE-BF97-31D2E51BDEE0}.Release|Any CPU.ActiveCfg = Release|Any CPU
		{57680BBE-E0CB-41BE-BF97-31D2E51BDEE0}.Release|Any CPU.Build.0 = Release|Any CPU
	EndGlobalSection
	GlobalSection(SolutionProperties) = preSolution
		HideSolutionNode = FALSE
	EndGlobalSection
	GlobalSection(ExtensibilityGlobals) = postSolution
		SolutionGuid = {1C7B0A43-DA20-4AD4-940A-BBB7136C9B05}
	EndGlobalSection
EndGlobal
